// !$*UTF8*$!
{
	archiveVersion = 1;
	classes = {
	};
	objectVersion = 50;
	objects = {

/* Begin PBXBuildFile section */
		D7E8EF8421A2BE640003FCE2 /* AppDelegate.m in Sources */ = {isa = PBXBuildFile; fileRef = D7E8EF8321A2BE640003FCE2 /* AppDelegate.m */; };
		D7E8EF8721A2BE640003FCE2 /* ViewController.m in Sources */ = {isa = PBXBuildFile; fileRef = D7E8EF8621A2BE640003FCE2 /* ViewController.m */; };
		D7E8EF8A21A2BE640003FCE2 /* Main.storyboard in Resources */ = {isa = PBXBuildFile; fileRef = D7E8EF8821A2BE640003FCE2 /* Main.storyboard */; };
		D7E8EF8C21A2BE680003FCE2 /* Assets.xcassets in Resources */ = {isa = PBXBuildFile; fileRef = D7E8EF8B21A2BE680003FCE2 /* Assets.xcassets */; };
		D7E8EF8F21A2BE680003FCE2 /* LaunchScreen.storyboard in Resources */ = {isa = PBXBuildFile; fileRef = D7E8EF8D21A2BE680003FCE2 /* LaunchScreen.storyboard */; };
		D7E8EF9221A2BE680003FCE2 /* main.m in Sources */ = {isa = PBXBuildFile; fileRef = D7E8EF9121A2BE680003FCE2 /* main.m */; };
		D7E8EF9C21A2BE680003FCE2 /* LHDragViewDemoTests.m in Sources */ = {isa = PBXBuildFile; fileRef = D7E8EF9B21A2BE680003FCE2 /* LHDragViewDemoTests.m */; };
		D7E8EFA721A2BE680003FCE2 /* LHDragViewDemoUITests.m in Sources */ = {isa = PBXBuildFile; fileRef = D7E8EFA621A2BE680003FCE2 /* LHDragViewDemoUITests.m */; };
		D7E8EFB621A2BEDB0003FCE2 /* UIView+LHExtension.m in Sources */ = {isa = PBXBuildFile; fileRef = D7E8EFB521A2BEDB0003FCE2 /* UIView+LHExtension.m */; };
/* End PBXBuildFile section */

/* Begin PBXContainerItemProxy section */
		D7E8EF9821A2BE680003FCE2 /* PBXContainerItemProxy */ = {
			isa = PBXContainerItemProxy;
			containerPortal = D7E8EF7721A2BE640003FCE2 /* Project object */;
			proxyType = 1;
			remoteGlobalIDString = D7E8EF7E21A2BE640003FCE2;
			remoteInfo = LHDragViewDemo;
		};
		D7E8EFA321A2BE680003FCE2 /* PBXContainerItemProxy */ = {
			isa = PBXContainerItemProxy;
			containerPortal = D7E8EF7721A2BE640003FCE2 /* Project object */;
			proxyType = 1;
			remoteGlobalIDString = D7E8EF7E21A2BE640003FCE2;
			remoteInfo = LHDragViewDemo;
		};
/* End PBXContainerItemProxy section */

/* Begin PBXFileReference section */
		D7E8EF7F21A2BE640003FCE2 /* LHDragViewDemo.app */ = {isa = PBXFileReference; explicitFileType = wrapper.application; includeInIndex = 0; path = LHDragViewDemo.app; sourceTree = BUILT_PRODUCTS_DIR; };
		D7E8EF8221A2BE640003FCE2 /* AppDelegate.h */ = {isa = PBXFileReference; lastKnownFileType = sourcecode.c.h; path = AppDelegate.h; sourceTree = "<group>"; };
		D7E8EF8321A2BE640003FCE2 /* AppDelegate.m */ = {isa = PBXFileReference; lastKnownFileType = sourcecode.c.objc; path = AppDelegate.m; sourceTree = "<group>"; };
		D7E8EF8521A2BE640003FCE2 /* ViewController.h */ = {isa = PBXFileReference; lastKnownFileType = sourcecode.c.h; path = ViewController.h; sourceTree = "<group>"; };
		D7E8EF8621A2BE640003FCE2 /* ViewController.m */ = {isa = PBXFileReference; lastKnownFileType = sourcecode.c.objc; path = ViewController.m; sourceTree = "<group>"; };
		D7E8EF8921A2BE640003FCE2 /* Base */ = {isa = PBXFileReference; lastKnownFileType = file.storyboard; name = Base; path = Base.lproj/Main.storyboard; sourceTree = "<group>"; };
		D7E8EF8B21A2BE680003FCE2 /* Assets.xcassets */ = {isa = PBXFileReference; lastKnownFileType = folder.assetcatalog; path = Assets.xcassets; sourceTree = "<group>"; };
		D7E8EF8E21A2BE680003FCE2 /* Base */ = {isa = PBXFileReference; lastKnownFileType = file.storyboard; name = Base; path = Base.lproj/LaunchScreen.storyboard; sourceTree = "<group>"; };
		D7E8EF9021A2BE680003FCE2 /* Info.plist */ = {isa = PBXFileReference; lastKnownFileType = text.plist.xml; path = Info.plist; sourceTree = "<group>"; };
		D7E8EF9121A2BE680003FCE2 /* main.m */ = {isa = PBXFileReference; lastKnownFileType = sourcecode.c.objc; path = main.m; sourceTree = "<group>"; };
		D7E8EF9721A2BE680003FCE2 /* LHDragViewDemoTests.xctest */ = {isa = PBXFileReference; explicitFileType = wrapper.cfbundle; includeInIndex = 0; path = LHDragViewDemoTests.xctest; sourceTree = BUILT_PRODUCTS_DIR; };
		D7E8EF9B21A2BE680003FCE2 /* LHDragViewDemoTests.m */ = {isa = PBXFileReference; lastKnownFileType = sourcecode.c.objc; path = LHDragViewDemoTests.m; sourceTree = "<group>"; };
		D7E8EF9D21A2BE680003FCE2 /* Info.plist */ = {isa = PBXFileReference; lastKnownFileType = text.plist.xml; path = Info.plist; sourceTree = "<group>"; };
		D7E8EFA221A2BE680003FCE2 /* LHDragViewDemoUITests.xctest */ = {isa = PBXFileReference; explicitFileType = wrapper.cfbundle; includeInIndex = 0; path = LHDragViewDemoUITests.xctest; sourceTree = BUILT_PRODUCTS_DIR; };
		D7E8EFA621A2BE680003FCE2 /* LHDragViewDemoUITests.m */ = {isa = PBXFileReference; lastKnownFileType = sourcecode.c.objc; path = LHDragViewDemoUITests.m; sourceTree = "<group>"; };
		D7E8EFA821A2BE680003FCE2 /* Info.plist */ = {isa = PBXFileReference; lastKnownFileType = text.plist.xml; path = Info.plist; sourceTree = "<group>"; };
		D7E8EFB421A2BEDB0003FCE2 /* UIView+LHExtension.h */ = {isa = PBXFileReference; lastKnownFileType = sourcecode.c.h; path = "UIView+LHExtension.h"; sourceTree = "<group>"; };
		D7E8EFB521A2BEDB0003FCE2 /* UIView+LHExtension.m */ = {isa = PBXFileReference; lastKnownFileType = sourcecode.c.objc; path = "UIView+LHExtension.m"; sourceTree = "<group>"; };
/* End PBXFileReference section */

/* Begin PBXFrameworksBuildPhase section */
		D7E8EF7C21A2BE640003FCE2 /* Frameworks */ = {
			isa = PBXFrameworksBuildPhase;
			buildActionMask = 2147483647;
			files = (
			);
			runOnlyForDeploymentPostprocessing = 0;
		};
		D7E8EF9421A2BE680003FCE2 /* Frameworks */ = {
			isa = PBXFrameworksBuildPhase;
			buildActionMask = 2147483647;
			files = (
			);
			runOnlyForDeploymentPostprocessing = 0;
		};
		D7E8EF9F21A2BE680003FCE2 /* Frameworks */ = {
			isa = PBXFrameworksBuildPhase;
			buildActionMask = 2147483647;
			files = (
			);
			runOnlyForDeploymentPostprocessing = 0;
		};
/* End PBXFrameworksBuildPhase section */

/* Begin PBXGroup section */
		D70EB20621AE9348005C3A48 /* dragView */ = {
			isa = PBXGroup;
			children = (
				D7E8EFB421A2BEDB0003FCE2 /* UIView+LHExtension.h */,
				D7E8EFB521A2BEDB0003FCE2 /* UIView+LHExtension.m */,
			);
			path = dragView;
			sourceTree = "<group>";
		};
		D7E8EF7621A2BE640003FCE2 = {
			isa = PBXGroup;
			children = (
				D7E8EF8121A2BE640003FCE2 /* LHDragViewDemo */,
				D7E8EF9A21A2BE680003FCE2 /* LHDragViewDemoTests */,
				D7E8EFA521A2BE680003FCE2 /* LHDragViewDemoUITests */,
				D7E8EF8021A2BE640003FCE2 /* Products */,
			);
			sourceTree = "<group>";
		};
		D7E8EF8021A2BE640003FCE2 /* Products */ = {
			isa = PBXGroup;
			children = (
				D7E8EF7F21A2BE640003FCE2 /* LHDragViewDemo.app */,
				D7E8EF9721A2BE680003FCE2 /* LHDragViewDemoTests.xctest */,
				D7E8EFA221A2BE680003FCE2 /* LHDragViewDemoUITests.xctest */,
			);
			name = Products;
			sourceTree = "<group>";
		};
		D7E8EF8121A2BE640003FCE2 /* LHDragViewDemo */ = {
			isa = PBXGroup;
			children = (
				D70EB20621AE9348005C3A48 /* dragView */,
				D7E8EF8221A2BE640003FCE2 /* AppDelegate.h */,
				D7E8EF8321A2BE640003FCE2 /* AppDelegate.m */,
				D7E8EF8521A2BE640003FCE2 /* ViewController.h */,
				D7E8EF8621A2BE640003FCE2 /* ViewController.m */,
				D7E8EF8821A2BE640003FCE2 /* Main.storyboard */,
				D7E8EF8B21A2BE680003FCE2 /* Assets.xcassets */,
				D7E8EF8D21A2BE680003FCE2 /* LaunchScreen.storyboard */,
				D7E8EF9021A2BE680003FCE2 /* Info.plist */,
				D7E8EF9121A2BE680003FCE2 /* main.m */,
			);
			path = LHDragViewDemo;
			sourceTree = "<group>";
		};
		D7E8EF9A21A2BE680003FCE2 /* LHDragViewDemoTests */ = {
			isa = PBXGroup;
			children = (
				D7E8EF9B21A2BE680003FCE2 /* LHDragViewDemoTests.m */,
				D7E8EF9D21A2BE680003FCE2 /* Info.plist */,
			);
			path = LHDragViewDemoTests;
			sourceTree = "<group>";
		};
		D7E8EFA521A2BE680003FCE2 /* LHDragViewDemoUITests */ = {
			isa = PBXGroup;
			children = (
				D7E8EFA621A2BE680003FCE2 /* LHDragViewDemoUITests.m */,
				D7E8EFA821A2BE680003FCE2 /* Info.plist */,
			);
			path = LHDragViewDemoUITests;
			sourceTree = "<group>";
		};
/* End PBXGroup section */

/* Begin PBXNativeTarget section */
		D7E8EF7E21A2BE640003FCE2 /* LHDragViewDemo */ = {
			isa = PBXNativeTarget;
			buildConfigurationList = D7E8EFAB21A2BE680003FCE2 /* Build configuration list for PBXNativeTarget "LHDragViewDemo" */;
			buildPhases = (
				D7E8EF7B21A2BE640003FCE2 /* Sources */,
				D7E8EF7C21A2BE640003FCE2 /* Frameworks */,
				D7E8EF7D21A2BE640003FCE2 /* Resources */,
			);
			buildRules = (
			);
			dependencies = (
			);
			name = LHDragViewDemo;
			productName = LHDragViewDemo;
			productReference = D7E8EF7F21A2BE640003FCE2 /* LHDragViewDemo.app */;
			productType = "com.apple.product-type.application";
		};
		D7E8EF9621A2BE680003FCE2 /* LHDragViewDemoTests */ = {
			isa = PBXNativeTarget;
			buildConfigurationList = D7E8EFAE21A2BE680003FCE2 /* Build configuration list for PBXNativeTarget "LHDragViewDemoTests" */;
			buildPhases = (
				D7E8EF9321A2BE680003FCE2 /* Sources */,
				D7E8EF9421A2BE680003FCE2 /* Frameworks */,
				D7E8EF9521A2BE680003FCE2 /* Resources */,
			);
			buildRules = (
			);
			dependencies = (
				D7E8EF9921A2BE680003FCE2 /* PBXTargetDependency */,
			);
			name = LHDragViewDemoTests;
			productName = LHDragViewDemoTests;
			productReference = D7E8EF9721A2BE680003FCE2 /* LHDragViewDemoTests.xctest */;
			productType = "com.apple.product-type.bundle.unit-test";
		};
		D7E8EFA121A2BE680003FCE2 /* LHDragViewDemoUITests */ = {
			isa = PBXNativeTarget;
			buildConfigurationList = D7E8EFB121A2BE680003FCE2 /* Build configuration list for PBXNativeTarget "LHDragViewDemoUITests" */;
			buildPhases = (
				D7E8EF9E21A2BE680003FCE2 /* Sources */,
				D7E8EF9F21A2BE680003FCE2 /* Frameworks */,
				D7E8EFA021A2BE680003FCE2 /* Resources */,
			);
			buildRules = (
			);
			dependencies = (
				D7E8EFA421A2BE680003FCE2 /* PBXTargetDependency */,
			);
			name = LHDragViewDemoUITests;
			productName = LHDragViewDemoUITests;
			productReference = D7E8EFA221A2BE680003FCE2 /* LHDragViewDemoUITests.xctest */;
			productType = "com.apple.product-type.bundle.ui-testing";
		};
/* End PBXNativeTarget section */

/* Begin PBXProject section */
		D7E8EF7721A2BE640003FCE2 /* Project object */ = {
			isa = PBXProject;
			attributes = {
				LastUpgradeCheck = 1010;
				ORGANIZATIONNAME = TouchPal;
				TargetAttributes = {
					D7E8EF7E21A2BE640003FCE2 = {
						CreatedOnToolsVersion = 10.1;
					};
					D7E8EF9621A2BE680003FCE2 = {
						CreatedOnToolsVersion = 10.1;
						TestTargetID = D7E8EF7E21A2BE640003FCE2;
					};
					D7E8EFA121A2BE680003FCE2 = {
						CreatedOnToolsVersion = 10.1;
						TestTargetID = D7E8EF7E21A2BE640003FCE2;
					};
				};
			};
			buildConfigurationList = D7E8EF7A21A2BE640003FCE2 /* Build configuration list for PBXProject "LHDragViewDemo" */;
			compatibilityVersion = "Xcode 9.3";
			developmentRegion = en;
			hasScannedForEncodings = 0;
			knownRegions = (
				en,
				Base,
			);
			mainGroup = D7E8EF7621A2BE640003FCE2;
			productRefGroup = D7E8EF8021A2BE640003FCE2 /* Products */;
			projectDirPath = "";
			projectRoot = "";
			targets = (
				D7E8EF7E21A2BE640003FCE2 /* LHDragViewDemo */,
				D7E8EF9621A2BE680003FCE2 /* LHDragViewDemoTests */,
				D7E8EFA121A2BE680003FCE2 /* LHDragViewDemoUITests */,
			);
		};
/* End PBXProject section */

/* Begin PBXResourcesBuildPhase section */
		D7E8EF7D21A2BE640003FCE2 /* Resources */ = {
			isa = PBXResourcesBuildPhase;
			buildActionMask = 2147483647;
			files = (
				D7E8EF8F21A2BE680003FCE2 /* LaunchScreen.storyboard in Resources */,
				D7E8EF8C21A2BE680003FCE2 /* Assets.xcassets in Resources */,
				D7E8EF8A21A2BE640003FCE2 /* Main.storyboard in Resources */,
			);
			runOnlyForDeploymentPostprocessing = 0;
		};
		D7E8EF9521A2BE680003FCE2 /* Resources */ = {
			isa = PBXResourcesBuildPhase;
			buildActionMask = 2147483647;
			files = (
			);
			runOnlyForDeploymentPostprocessing = 0;
		};
		D7E8EFA021A2BE680003FCE2 /* Resources */ = {
			isa = PBXResourcesBuildPhase;
			buildActionMask = 2147483647;
			files = (
			);
			runOnlyForDeploymentPostprocessing = 0;
		};
/* End PBXResourcesBuildPhase section */

/* Begin PBXSourcesBuildPhase section */
		D7E8EF7B21A2BE640003FCE2 /* Sources */ = {
			isa = PBXSourcesBuildPhase;
			buildActionMask = 2147483647;
			files = (
				D7E8EFB621A2BEDB0003FCE2 /* UIView+LHExtension.m in Sources */,
				D7E8EF8721A2BE640003FCE2 /* ViewController.m in Sources */,
				D7E8EF9221A2BE680003FCE2 /* main.m in Sources */,
				D7E8EF8421A2BE640003FCE2 /* AppDelegate.m in Sources */,
			);
			runOnlyForDeploymentPostprocessing = 0;
		};
		D7E8EF9321A2BE680003FCE2 /* Sources */ = {
			isa = PBXSourcesBuildPhase;
			buildActionMask = 2147483647;
			files = (
				D7E8EF9C21A2BE680003FCE2 /* LHDragViewDemoTests.m in Sources */,
			);
			runOnlyForDeploymentPostprocessing = 0;
		};
		D7E8EF9E21A2BE680003FCE2 /* Sources */ = {
			isa = PBXSourcesBuildPhase;
			buildActionMask = 2147483647;
			files = (
				D7E8EFA721A2BE680003FCE2 /* LHDragViewDemoUITests.m in Sources */,
			);
			runOnlyForDeploymentPostprocessing = 0;
		};
/* End PBXSourcesBuildPhase section */

/* Begin PBXTargetDependency section */
		D7E8EF9921A2BE680003FCE2 /* PBXTargetDependency */ = {
			isa = PBXTargetDependency;
			target = D7E8EF7E21A2BE640003FCE2 /* LHDragViewDemo */;
			targetProxy = D7E8EF9821A2BE680003FCE2 /* PBXContainerItemProxy */;
		};
		D7E8EFA421A2BE680003FCE2 /* PBXTargetDependency */ = {
			isa = PBXTargetDependency;
			target = D7E8EF7E21A2BE640003FCE2 /* LHDragViewDemo */;
			targetProxy = D7E8EFA321A2BE680003FCE2 /* PBXContainerItemProxy */;
		};
/* End PBXTargetDependency section */

/* Begin PBXVariantGroup section */
		D7E8EF8821A2BE640003FCE2 /* Main.storyboard */ = {
			isa = PBXVariantGroup;
			children = (
				D7E8EF8921A2BE640003FCE2 /* Base */,
			);
			name = Main.storyboard;
			sourceTree = "<group>";
		};
		D7E8EF8D21A2BE680003FCE2 /* LaunchScreen.storyboard */ = {
			isa = PBXVariantGroup;
			children = (
				D7E8EF8E21A2BE680003FCE2 /* Base */,
			);
			name = LaunchScreen.storyboard;
			sourceTree = "<group>";
		};
/* End PBXVariantGroup section */

/* Begin XCBuildConfiguration section */
		D7E8EFA921A2BE680003FCE2 /* Debug */ = {
			isa = XCBuildConfiguration;
			buildSettings = {
				ALWAYS_SEARCH_USER_PATHS = NO;
				CLANG_ANALYZER_NONNULL = YES;
				CLANG_ANALYZER_NUMBER_OBJECT_CONVERSION = YES_AGGRESSIVE;
				CLANG_CXX_LANGUAGE_STANDARD = "gnu++14";
				CLANG_CXX_LIBRARY = "libc++";
				CLANG_ENABLE_MODULES = YES;
				CLANG_ENABLE_OBJC_ARC = YES;
				CLANG_ENABLE_OBJC_WEAK = YES;
				CLANG_WARN_BLOCK_CAPTURE_AUTORELEASING = YES;
				CLANG_WARN_BOOL_CONVERSION = YES;
				CLANG_WARN_COMMA = YES;
				CLANG_WARN_CONSTANT_CONVERSION = YES;
				CLANG_WARN_DEPRECATED_OBJC_IMPLEMENTATIONS = YES;
				CLANG_WARN_DIRECT_OBJC_ISA_USAGE = YES_ERROR;
				CLANG_WARN_DOCUMENTATION_COMMENTS = YES;
				CLANG_WARN_EMPTY_BODY = YES;
				CLANG_WARN_ENUM_CONVERSION = YES;
				CLANG_WARN_INFINITE_RECURSION = YES;
				CLANG_WARN_INT_CONVERSION = YES;
				CLANG_WARN_NON_LITERAL_NULL_CONVERSION = YES;
				CLANG_WARN_OBJC_IMPLICIT_RETAIN_SELF = YES;
				CLANG_WARN_OBJC_LITERAL_CONVERSION = YES;
				CLANG_WARN_OBJC_ROOT_CLASS = YES_ERROR;
				CLANG_WARN_RANGE_LOOP_ANALYSIS = YES;
				CLANG_WARN_STRICT_PROTOTYPES = YES;
				CLANG_WARN_SUSPICIOUS_MOVE = YES;
				CLANG_WARN_UNGUARDED_AVAILABILITY = YES_AGGRESSIVE;
				CLANG_WARN_UNREACHABLE_CODE = YES;
				CLANG_WARN__DUPLICATE_METHOD_MATCH = YES;
				CODE_SIGN_IDENTITY = "iPhone Developer";
				COPY_PHASE_STRIP = NO;
				DEBUG_INFORMATION_FORMAT = dwarf;
				ENABLE_STRICT_OBJC_MSGSEND = YES;
				ENABLE_TESTABILITY = YES;
				GCC_C_LANGUAGE_STANDARD = gnu11;
				GCC_DYNAMIC_NO_PIC = NO;
				GCC_NO_COMMON_BLOCKS = YES;
				GCC_OPTIMIZATION_LEVEL = 0;
				GCC_PREPROCESSOR_DEFINITIONS = (
					"DEBUG=1",
					"$(inherited)",
				);
				GCC_WARN_64_TO_32_BIT_CONVERSION = YES;
				GCC_WARN_ABOUT_RETURN_TYPE = YES_ERROR;
				GCC_WARN_UNDECLARED_SELECTOR = YES;
				GCC_WARN_UNINITIALIZED_AUTOS = YES_AGGRESSIVE;
				GCC_WARN_UNUSED_FUNCTION = YES;
				GCC_WARN_UNUSED_VARIABLE = YES;
				IPHONEOS_DEPLOYMENT_TARGET = 12.1;
				MTL_ENABLE_DEBUG_INFO = INCLUDE_SOURCE;
				MTL_FAST_MATH = YES;
				ONLY_ACTIVE_ARCH = YES;
				SDKROOT = iphoneos;
			};
			name = Debug;
		};
		D7E8EFAA21A2BE680003FCE2 /* Release */ = {
			isa = XCBuildConfiguration;
			buildSettings = {
				ALWAYS_SEARCH_USER_PATHS = NO;
				CLANG_ANALYZER_NONNULL = YES;
				CLANG_ANALYZER_NUMBER_OBJECT_CONVERSION = YES_AGGRESSIVE;
				CLANG_CXX_LANGUAGE_STANDARD = "gnu++14";
				CLANG_CXX_LIBRARY = "libc++";
				CLANG_ENABLE_MODULES = YES;
				CLANG_ENABLE_OBJC_ARC = YES;
				CLANG_ENABLE_OBJC_WEAK = YES;
				CLANG_WARN_BLOCK_CAPTURE_AUTORELEASING = YES;
				CLANG_WARN_BOOL_CONVERSION = YES;
				CLANG_WARN_COMMA = YES;
				CLANG_WARN_CONSTANT_CONVERSION = YES;
				CLANG_WARN_DEPRECATED_OBJC_IMPLEMENTATIONS = YES;
				CLANG_WARN_DIRECT_OBJC_ISA_USAGE = YES_ERROR;
				CLANG_WARN_DOCUMENTATION_COMMENTS = YES;
				CLANG_WARN_EMPTY_BODY = YES;
				CLANG_WARN_ENUM_CONVERSION = YES;
				CLANG_WARN_INFINITE_RECURSION = YES;
				CLANG_WARN_INT_CONVERSION = YES;
				CLANG_WARN_NON_LITERAL_NULL_CONVERSION = YES;
				CLANG_WARN_OBJC_IMPLICIT_RETAIN_SELF = YES;
				CLANG_WARN_OBJC_LITERAL_CONVERSION = YES;
				CLANG_WARN_OBJC_ROOT_CLASS = YES_ERROR;
				CLANG_WARN_RANGE_LOOP_ANALYSIS = YES;
				CLANG_WARN_STRICT_PROTOTYPES = YES;
				CLANG_WARN_SUSPICIOUS_MOVE = YES;
				CLANG_WARN_UNGUARDED_AVAILABILITY = YES_AGGRESSIVE;
				CLANG_WARN_UNREACHABLE_CODE = YES;
				CLANG_WARN__DUPLICATE_METHOD_MATCH = YES;
				CODE_SIGN_IDENTITY = "iPhone Developer";
				COPY_PHASE_STRIP = NO;
				DEBUG_INFORMATION_FORMAT = "dwarf-with-dsym";
				ENABLE_NS_ASSERTIONS = NO;
				ENABLE_STRICT_OBJC_MSGSEND = YES;
				GCC_C_LANGUAGE_STANDARD = gnu11;
				GCC_NO_COMMON_BLOCKS = YES;
				GCC_WARN_64_TO_32_BIT_CONVERSION = YES;
				GCC_WARN_ABOUT_RETURN_TYPE = YES_ERROR;
				GCC_WARN_UNDECLARED_SELECTOR = YES;
				GCC_WARN_UNINITIALIZED_AUTOS = YES_AGGRESSIVE;
				GCC_WARN_UNUSED_FUNCTION = YES;
				GCC_WARN_UNUSED_VARIABLE = YES;
				IPHONEOS_DEPLOYMENT_TARGET = 12.1;
				MTL_ENABLE_DEBUG_INFO = NO;
				MTL_FAST_MATH = YES;
				SDKROOT = iphoneos;
				VALIDATE_PRODUCT = YES;
			};
			name = Release;
		};
		D7E8EFAC21A2BE680003FCE2 /* Debug */ = {
			isa = XCBuildConfiguration;
			buildSettings = {
				ASSETCATALOG_COMPILER_APPICON_NAME = AppIcon;
				CODE_SIGN_STYLE = Automatic;
				DEVELOPMENT_TEAM = 83SLLMU85B;
				INFOPLIST_FILE = LHDragViewDemo/Info.plist;
				IPHONEOS_DEPLOYMENT_TARGET = 11.0;
				LD_RUNPATH_SEARCH_PATHS = (
					"$(inherited)",
					"@executable_path/Frameworks",
				);
				PRODUCT_BUNDLE_IDENTIFIER = ios.fit.workout.fitness.exercise.trainer.LHDragViewDemo;
				PRODUCT_NAME = "$(TARGET_NAME)";
				TARGETED_DEVICE_FAMILY = "1,2";
			};
			name = Debug;
		};
		D7E8EFAD21A2BE680003FCE2 /* Release */ = {
			isa = XCBuildConfiguration;
			buildSettings = {
				ASSETCATALOG_COMPILER_APPICON_NAME = AppIcon;
				CODE_SIGN_STYLE = Automatic;
				DEVELOPMENT_TEAM = 83SLLMU85B;
				INFOPLIST_FILE = LHDragViewDemo/Info.plist;
				IPHONEOS_DEPLOYMENT_TARGET = 11.0;
				LD_RUNPATH_SEARCH_PATHS = (
					"$(inherited)",
					"@executable_path/Frameworks",
				);
				PRODUCT_BUNDLE_IDENTIFIER = ios.fit.workout.fitness.exercise.trainer.LHDragViewDemo;
				PRODUCT_NAME = "$(TARGET_NAME)";
				TARGETED_DEVICE_FAMILY = "1,2";
			};
			name = Release;
		};
		D7E8EFAF21A2BE680003FCE2 /* Debug */ = {
			isa = XCBuildConfiguration;
			buildSettings = {
				BUNDLE_LOADER = "$(TEST_HOST)";
				CODE_SIGN_STYLE = Automatic;
				DEVELOPMENT_TEAM = 83SLLMU85B;
				INFOPLIST_FILE = LHDragViewDemoTests/Info.plist;
				LD_RUNPATH_SEARCH_PATHS = (
					"$(inherited)",
					"@executable_path/Frameworks",
					"@loader_path/Frameworks",
				);
				PRODUCT_BUNDLE_IDENTIFIER = ios.fit.workout.fitness.exercise.trainer.LHDragViewDemoTests;
				PRODUCT_NAME = "$(TARGET_NAME)";
				TARGETED_DEVICE_FAMILY = "1,2";
				TEST_HOST = "$(BUILT_PRODUCTS_DIR)/LHDragViewDemo.app/LHDragViewDemo";
			};
			name = Debug;
		};
		D7E8EFB021A2BE680003FCE2 /* Release */ = {
			isa = XCBuildConfiguration;
			buildSettings = {
				BUNDLE_LOADER = "$(TEST_HOST)";
				CODE_SIGN_STYLE = Automatic;
				DEVELOPMENT_TEAM = 83SLLMU85B;
				INFOPLIST_FILE = LHDragViewDemoTests/Info.plist;
				LD_RUNPATH_SEARCH_PATHS = (
					"$(inherited)",
					"@executable_path/Frameworks",
					"@loader_path/Frameworks",
				);
				PRODUCT_BUNDLE_IDENTIFIER = ios.fit.workout.fitness.exercise.trainer.LHDragViewDemoTests;
				PRODUCT_NAME = "$(TARGET_NAME)";
				TARGETED_DEVICE_FAMILY = "1,2";
				TEST_HOST = "$(BUILT_PRODUCTS_DIR)/LHDragViewDemo.app/LHDragViewDemo";
			};
			name = Release;
		};
		D7E8EFB221A2BE680003FCE2 /* Debug */ = {
			isa = XCBuildConfiguration;
			buildSettings = {
				CODE_SIGN_STYLE = Automatic;
				DEVELOPMENT_TEAM = 83SLLMU85B;
				INFOPLIST_FILE = LHDragViewDemoUITests/Info.plist;
				LD_RUNPATH_SEARCH_PATHS = (
					"$(inherited)",
					"@executable_path/Frameworks",
					"@loader_path/Frameworks",
				);
				PRODUCT_BUNDLE_IDENTIFIER = ios.fit.workout.fitness.exercise.trainer.LHDragViewDemoUITests;
				PRODUCT_NAME = "$(TARGET_NAME)";
				TARGETED_DEVICE_FAMILY = "1,2";
				TEST_TARGET_NAME = LHDragViewDemo;
			};
			name = Debug;
		};
		D7E8EFB321A2BE680003FCE2 /* Release */ = {
			isa = XCBuildConfiguration;
			buildSettings = {
				CODE_SIGN_STYLE = Automatic;
				DEVELOPMENT_TEAM = 83SLLMU85B;
				INFOPLIST_FILE = LHDragViewDemoUITests/Info.plist;
				LD_RUNPATH_SEARCH_PATHS = (
					"$(inherited)",
					"@executable_path/Frameworks",
					"@loader_path/Frameworks",
				);
				PRODUCT_BUNDLE_IDENTIFIER = ios.fit.workout.fitness.exercise.trainer.LHDragViewDemoUITests;
				PRODUCT_NAME = "$(TARGET_NAME)";
				TARGETED_DEVICE_FAMILY = "1,2";
				TEST_TARGET_NAME = LHDragViewDemo;
			};
			name = Release;
		};
/* End XCBuildConfiguration section */

/* Begin XCConfigurationList section */
		D7E8EF7A21A2BE640003FCE2 /* Build configuration list for PBXProject "LHDragViewDemo" */ = {
			isa = XCConfigurationList;
			buildConfigurations = (
				D7E8EFA921A2BE680003FCE2 /* Debug */,
				D7E8EFAA21A2BE680003FCE2 /* Release */,
			);
			defaultConfigurationIsVisible = 0;
			defaultConfigurationName = Release;
		};
		D7E8EFAB21A2BE680003FCE2 /* Build configuration list for PBXNativeTarget "LHDragViewDemo" */ = {
			isa = XCConfigurationList;
			buildConfigurations = (
				D7E8EFAC21A2BE680003FCE2 /* Debug */,
				D7E8EFAD21A2BE680003FCE2 /* Release */,
			);
			defaultConfigurationIsVisible = 0;
			defaultConfigurationName = Release;
		};
		D7E8EFAE21A2BE680003FCE2 /* Build configuration list for PBXNativeTarget "LHDragViewDemoTests" */ = {
			isa = XCConfigurationList;
			buildConfigurations = (
				D7E8EFAF21A2BE680003FCE2 /* Debug */,
				D7E8EFB021A2BE680003FCE2 /* Release */,
			);
			defaultConfigurationIsVisible = 0;
			defaultConfigurationName = Release;
		};
		D7E8EFB121A2BE680003FCE2 /* Build configuration list for PBXNativeTarget "LHDragViewDemoUITests" */ = {
			isa = XCConfigurationList;
			buildConfigurations = (
				D7E8EFB221A2BE680003FCE2 /* Debug */,
				D7E8EFB321A2BE680003FCE2 /* Release */,
			);
			defaultConfigurationIsVisible = 0;
			defaultConfigurationName = Release;
		};
/* End XCConfigurationList section */
	};
	rootObject = D7E8EF7721A2BE640003FCE2 /* Project object */;
}
